
Microsoft Visual Studio Solution File, Format Version 12.00
# Visual Studio Version 17
VisualStudioVersion = 17.5.002.0
MinimumVisualStudioVersion = 10.0.40219.1
Project("{2150E333-8FDC-42A3-9474-1A3956D46DE8}") = "serviceLayer", "serviceLayer", "{6520474B-FE7D-47A5-A8C0-80562DCADC64}"
EndProject
Project("{2150E333-8FDC-42A3-9474-1A3956D46DE8}") = "data", "data", "{0A1C14AD-2611-4369-A682-5D8C055FD559}"
EndProject
Project("{9A19103F-16F7-4668-BE54-9A1E7A4F7556}") = "EspressoDataService", "serviceLayer\data\EspressoDataService\EspressoDataService.csproj", "{F6E5A04E-E85E-4944-A85A-27AA98DB7831}"
EndProject
Project("{FAE04EC0-301F-11D3-BF4B-00C04F79EFBC}") = "EspressoJournal", "EspressoJournal\EspressoJournal.csproj", "{F7EE3B32-2857-4715-B334-E0884360CC4D}"
EndProject
Global
	GlobalSection(SolutionConfigurationPlatforms) = preSolution
		Debug|Any CPU = Debug|Any CPU
		Release|Any CPU = Release|Any CPU
	EndGlobalSection
	GlobalSection(ProjectConfigurationPlatforms) = postSolution
		{F6E5A04E-E85E-4944-A85A-27AA98DB7831}.Debug|Any CPU.ActiveCfg = Debug|Any CPU
		{F6E5A04E-E85E-4944-A85A-27AA98DB7831}.Debug|Any CPU.Build.0 = Debug|Any CPU
		{F6E5A04E-E85E-4944-A85A-27AA98DB7831}.Release|Any CPU.ActiveCfg = Release|Any CPU
		{F6E5A04E-E85E-4944-A85A-27AA98DB7831}.Release|Any CPU.Build.0 = Release|Any CPU
		{F7EE3B32-2857-4715-B334-E0884360CC4D}.Debug|Any CPU.ActiveCfg = Debug|Any CPU
		{F7EE3B32-2857-4715-B334-E0884360CC4D}.Debug|Any CPU.Build.0 = Debug|Any CPU
		{F7EE3B32-2857-4715-B334-E0884360CC4D}.Release|Any CPU.ActiveCfg = Release|Any CPU
		{F7EE3B32-2857-4715-B334-E0884360CC4D}.Release|Any CPU.Build.0 = Release|Any CPU
	EndGlobalSection
	GlobalSection(SolutionProperties) = preSolution
		HideSolutionNode = FALSE
	EndGlobalSection
	GlobalSection(NestedProjects) = preSolution
		{0A1C14AD-2611-4369-A682-5D8C055FD559} = {6520474B-FE7D-47A5-A8C0-80562DCADC64}
		{F6E5A04E-E85E-4944-A85A-27AA98DB7831} = {0A1C14AD-2611-4369-A682-5D8C055FD559}
	EndGlobalSection
	GlobalSection(ExtensibilityGlobals) = postSolution
		SolutionGuid = {EB383B06-83F1-4F6A-9DBB-65A1841DA3C6}
	EndGlobalSection
EndGlobal
